
Microsoft Visual Studio Solution File, Format Version 12.00
# Visual Studio Version 16
VisualStudioVersion = 16.0.30523.141
MinimumVisualStudioVersion = 10.0.40219.1
Project("{FAE04EC0-301F-11D3-BF4B-00C04F79EFBC}") = "ListaObstaculos", "ListaObstaculos.csproj", "{FB12B8EB-BA30-4047-B30C-A7D310A2B1EA}"
EndProject
Global
	GlobalSection(SolutionConfigurationPlatforms) = preSolution
		Debug|Any CPU = Debug|Any CPU
		Release|Any CPU = Release|Any CPU
	EndGlobalSection
	GlobalSection(ProjectConfigurationPlatforms) = postSolution
		{FB12B8EB-BA30-4047-B30C-A7D310A2B1EA}.Debug|Any CPU.ActiveCfg = Debug|Any CPU
		{FB12B8EB-BA30-4047-B30C-A7D310A2B1EA}.Debug|Any CPU.Build.0 = Debug|Any CPU
		{FB12B8EB-BA30-4047-B30C-A7D310A2B1EA}.Release|Any CPU.ActiveCfg = Release|Any CPU
		{FB12B8EB-BA30-4047-B30C-A7D310A2B1EA}.Release|Any CPU.Build.0 = Release|Any CPU
	EndGlobalSection
	GlobalSection(SolutionProperties) = preSolution
		HideSolutionNode = FALSE
	EndGlobalSection
	GlobalSection(ExtensibilityGlobals) = postSolution
		SolutionGuid = {9CDE27BC-9D12-4AAE-A89C-D98FCF623F8A}
	EndGlobalSection
EndGlobal
