
Microsoft Visual Studio Solution File, Format Version 12.00
# Visual Studio Version 16
VisualStudioVersion = 16.0.30523.141
MinimumVisualStudioVersion = 10.0.40219.1
Project("{FAE04EC0-301F-11D3-BF4B-00C04F79EFBC}") = "4EnRayaExamen", "4EnRayaExamen.csproj", "{16B55699-E6EF-4B2B-AC00-3B71DB39D14A}"
EndProject
Global
	GlobalSection(SolutionConfigurationPlatforms) = preSolution
		Debug|Any CPU = Debug|Any CPU
		Release|Any CPU = Release|Any CPU
	EndGlobalSection
	GlobalSection(ProjectConfigurationPlatforms) = postSolution
		{16B55699-E6EF-4B2B-AC00-3B71DB39D14A}.Debug|Any CPU.ActiveCfg = Debug|Any CPU
		{16B55699-E6EF-4B2B-AC00-3B71DB39D14A}.Debug|Any CPU.Build.0 = Debug|Any CPU
		{16B55699-E6EF-4B2B-AC00-3B71DB39D14A}.Release|Any CPU.ActiveCfg = Release|Any CPU
		{16B55699-E6EF-4B2B-AC00-3B71DB39D14A}.Release|Any CPU.Build.0 = Release|Any CPU
	EndGlobalSection
	GlobalSection(SolutionProperties) = preSolution
		HideSolutionNode = FALSE
	EndGlobalSection
	GlobalSection(ExtensibilityGlobals) = postSolution
		SolutionGuid = {82128BD2-BCCC-4405-96D6-1BA5F759961C}
	EndGlobalSection
EndGlobal
