
Microsoft Visual Studio Solution File, Format Version 12.00
# Visual Studio Version 16
VisualStudioVersion = 16.0.30523.141
MinimumVisualStudioVersion = 10.0.40219.1
Project("{FAE04EC0-301F-11D3-BF4B-00C04F79EFBC}") = "ExamenProgramacionI_MiguelRodríguezGallego", "ExamenProgramacionI_MiguelRodríguezGallego.csproj", "{07881BF7-1683-4227-9C23-46FA8F7FDF97}"
EndProject
Global
	GlobalSection(SolutionConfigurationPlatforms) = preSolution
		Debug|Any CPU = Debug|Any CPU
		Release|Any CPU = Release|Any CPU
	EndGlobalSection
	GlobalSection(ProjectConfigurationPlatforms) = postSolution
		{07881BF7-1683-4227-9C23-46FA8F7FDF97}.Debug|Any CPU.ActiveCfg = Debug|Any CPU
		{07881BF7-1683-4227-9C23-46FA8F7FDF97}.Debug|Any CPU.Build.0 = Debug|Any CPU
		{07881BF7-1683-4227-9C23-46FA8F7FDF97}.Release|Any CPU.ActiveCfg = Release|Any CPU
		{07881BF7-1683-4227-9C23-46FA8F7FDF97}.Release|Any CPU.Build.0 = Release|Any CPU
	EndGlobalSection
	GlobalSection(SolutionProperties) = preSolution
		HideSolutionNode = FALSE
	EndGlobalSection
	GlobalSection(ExtensibilityGlobals) = postSolution
		SolutionGuid = {554C4896-E551-4A39-987F-DD2A53FA95EB}
	EndGlobalSection
EndGlobal
