
Microsoft Visual Studio Solution File, Format Version 12.00
# Visual Studio Version 16
VisualStudioVersion = 16.0.30523.141
MinimumVisualStudioVersion = 10.0.40219.1
Project("{FAE04EC0-301F-11D3-BF4B-00C04F79EFBC}") = "PRUEBA 1", "PRUEBA 1.csproj", "{DB3C5FC6-B56A-44C9-81FD-B673134BB263}"
EndProject
Global
	GlobalSection(SolutionConfigurationPlatforms) = preSolution
		Debug|Any CPU = Debug|Any CPU
		Release|Any CPU = Release|Any CPU
	EndGlobalSection
	GlobalSection(ProjectConfigurationPlatforms) = postSolution
		{DB3C5FC6-B56A-44C9-81FD-B673134BB263}.Debug|Any CPU.ActiveCfg = Debug|Any CPU
		{DB3C5FC6-B56A-44C9-81FD-B673134BB263}.Debug|Any CPU.Build.0 = Debug|Any CPU
		{DB3C5FC6-B56A-44C9-81FD-B673134BB263}.Release|Any CPU.ActiveCfg = Release|Any CPU
		{DB3C5FC6-B56A-44C9-81FD-B673134BB263}.Release|Any CPU.Build.0 = Release|Any CPU
	EndGlobalSection
	GlobalSection(SolutionProperties) = preSolution
		HideSolutionNode = FALSE
	EndGlobalSection
	GlobalSection(ExtensibilityGlobals) = postSolution
		SolutionGuid = {02AEE01F-ABAE-4433-8128-243717DA72C0}
	EndGlobalSection
EndGlobal
