
Microsoft Visual Studio Solution File, Format Version 12.00
# Visual Studio Version 16
VisualStudioVersion = 16.0.30523.141
MinimumVisualStudioVersion = 10.0.40219.1
Project("{FAE04EC0-301F-11D3-BF4B-00C04F79EFBC}") = "ExamenFinal_Programación1_MiguelRodríguezGallego", "ExamenFinal_Programación1_MiguelRodríguezGallego.csproj", "{6EB4B90D-2941-44AB-B343-F102807F377F}"
EndProject
Global
	GlobalSection(SolutionConfigurationPlatforms) = preSolution
		Debug|Any CPU = Debug|Any CPU
		Release|Any CPU = Release|Any CPU
	EndGlobalSection
	GlobalSection(ProjectConfigurationPlatforms) = postSolution
		{6EB4B90D-2941-44AB-B343-F102807F377F}.Debug|Any CPU.ActiveCfg = Debug|Any CPU
		{6EB4B90D-2941-44AB-B343-F102807F377F}.Debug|Any CPU.Build.0 = Debug|Any CPU
		{6EB4B90D-2941-44AB-B343-F102807F377F}.Release|Any CPU.ActiveCfg = Release|Any CPU
		{6EB4B90D-2941-44AB-B343-F102807F377F}.Release|Any CPU.Build.0 = Release|Any CPU
	EndGlobalSection
	GlobalSection(SolutionProperties) = preSolution
		HideSolutionNode = FALSE
	EndGlobalSection
	GlobalSection(ExtensibilityGlobals) = postSolution
		SolutionGuid = {78115E3B-7883-4C7A-BB67-0631F310D051}
	EndGlobalSection
EndGlobal
