
Microsoft Visual Studio Solution File, Format Version 12.00
# Visual Studio Version 16
VisualStudioVersion = 16.0.30523.141
MinimumVisualStudioVersion = 10.0.40219.1
Project("{FAE04EC0-301F-11D3-BF4B-00C04F79EFBC}") = "Ejercicios clases y parejas", "Ejercicios clases y parejas.csproj", "{8433CD38-6BFF-40AC-9491-7B2D7837A831}"
EndProject
Project("{2150E333-8FDC-42A3-9474-1A3956D46DE8}") = "Solution Items", "Solution Items", "{C75D0245-BC52-4514-9B7F-406484D35231}"
EndProject
Global
	GlobalSection(SolutionConfigurationPlatforms) = preSolution
		Debug|Any CPU = Debug|Any CPU
		Release|Any CPU = Release|Any CPU
	EndGlobalSection
	GlobalSection(ProjectConfigurationPlatforms) = postSolution
		{8433CD38-6BFF-40AC-9491-7B2D7837A831}.Debug|Any CPU.ActiveCfg = Debug|Any CPU
		{8433CD38-6BFF-40AC-9491-7B2D7837A831}.Debug|Any CPU.Build.0 = Debug|Any CPU
		{8433CD38-6BFF-40AC-9491-7B2D7837A831}.Release|Any CPU.ActiveCfg = Release|Any CPU
		{8433CD38-6BFF-40AC-9491-7B2D7837A831}.Release|Any CPU.Build.0 = Release|Any CPU
	EndGlobalSection
	GlobalSection(SolutionProperties) = preSolution
		HideSolutionNode = FALSE
	EndGlobalSection
	GlobalSection(ExtensibilityGlobals) = postSolution
		SolutionGuid = {F5CB1FC4-D056-40A2-8D35-F7372ACFF919}
	EndGlobalSection
EndGlobal
