
Microsoft Visual Studio Solution File, Format Version 12.00
# Visual Studio Version 16
VisualStudioVersion = 16.0.30523.141
MinimumVisualStudioVersion = 10.0.40219.1
Project("{FAE04EC0-301F-11D3-BF4B-00C04F79EFBC}") = "Juego P (Windows Forms Práctica Final)", "Juego P (Windows Forms Práctica Final).csproj", "{F335261C-F629-4BC2-A909-83BC9B71B9A3}"
EndProject
Global
	GlobalSection(SolutionConfigurationPlatforms) = preSolution
		Debug|Any CPU = Debug|Any CPU
		Release|Any CPU = Release|Any CPU
	EndGlobalSection
	GlobalSection(ProjectConfigurationPlatforms) = postSolution
		{F335261C-F629-4BC2-A909-83BC9B71B9A3}.Debug|Any CPU.ActiveCfg = Debug|Any CPU
		{F335261C-F629-4BC2-A909-83BC9B71B9A3}.Debug|Any CPU.Build.0 = Debug|Any CPU
		{F335261C-F629-4BC2-A909-83BC9B71B9A3}.Release|Any CPU.ActiveCfg = Release|Any CPU
		{F335261C-F629-4BC2-A909-83BC9B71B9A3}.Release|Any CPU.Build.0 = Release|Any CPU
	EndGlobalSection
	GlobalSection(SolutionProperties) = preSolution
		HideSolutionNode = FALSE
	EndGlobalSection
	GlobalSection(ExtensibilityGlobals) = postSolution
		SolutionGuid = {6D03869F-4058-4708-8B03-03151DBC15FD}
	EndGlobalSection
EndGlobal
