
Microsoft Visual Studio Solution File, Format Version 12.00
# Visual Studio Version 16
VisualStudioVersion = 16.0.30523.141
MinimumVisualStudioVersion = 10.0.40219.1
Project("{FAE04EC0-301F-11D3-BF4B-00C04F79EFBC}") = "MiCalculadora", "MiCalculadora.csproj", "{3C058662-D8C3-4683-B7B7-B41466071FA2}"
EndProject
Global
	GlobalSection(SolutionConfigurationPlatforms) = preSolution
		Debug|Any CPU = Debug|Any CPU
		Release|Any CPU = Release|Any CPU
	EndGlobalSection
	GlobalSection(ProjectConfigurationPlatforms) = postSolution
		{3C058662-D8C3-4683-B7B7-B41466071FA2}.Debug|Any CPU.ActiveCfg = Debug|Any CPU
		{3C058662-D8C3-4683-B7B7-B41466071FA2}.Debug|Any CPU.Build.0 = Debug|Any CPU
		{3C058662-D8C3-4683-B7B7-B41466071FA2}.Release|Any CPU.ActiveCfg = Release|Any CPU
		{3C058662-D8C3-4683-B7B7-B41466071FA2}.Release|Any CPU.Build.0 = Release|Any CPU
	EndGlobalSection
	GlobalSection(SolutionProperties) = preSolution
		HideSolutionNode = FALSE
	EndGlobalSection
	GlobalSection(ExtensibilityGlobals) = postSolution
		SolutionGuid = {B52A9295-6959-48D5-8350-68F1F955347F}
	EndGlobalSection
EndGlobal
