
Microsoft Visual Studio Solution File, Format Version 12.00
# Visual Studio 15
VisualStudioVersion = 15.0.27703.2042
MinimumVisualStudioVersion = 10.0.40219.1
Project("{FAE04EC0-301F-11D3-BF4B-00C04F79EFBC}") = "SocketClientTCP", "Sockets1\SocketClientTCP.csproj", "{3AA5E2A1-5373-4EAB-8E21-76171E713DB6}"
EndProject
Project("{FAE04EC0-301F-11D3-BF4B-00C04F79EFBC}") = "SocketServerTCP", "SocketsServer\SocketServerTCP.csproj", "{8A5E997D-378A-4C82-BBE2-DA4E6A8B63F7}"
EndProject
Global
	GlobalSection(SolutionConfigurationPlatforms) = preSolution
		Debug|Any CPU = Debug|Any CPU
		Release|Any CPU = Release|Any CPU
	EndGlobalSection
	GlobalSection(ProjectConfigurationPlatforms) = postSolution
		{3AA5E2A1-5373-4EAB-8E21-76171E713DB6}.Debug|Any CPU.ActiveCfg = Debug|Any CPU
		{3AA5E2A1-5373-4EAB-8E21-76171E713DB6}.Debug|Any CPU.Build.0 = Debug|Any CPU
		{3AA5E2A1-5373-4EAB-8E21-76171E713DB6}.Release|Any CPU.ActiveCfg = Release|Any CPU
		{3AA5E2A1-5373-4EAB-8E21-76171E713DB6}.Release|Any CPU.Build.0 = Release|Any CPU
		{8A5E997D-378A-4C82-BBE2-DA4E6A8B63F7}.Debug|Any CPU.ActiveCfg = Debug|Any CPU
		{8A5E997D-378A-4C82-BBE2-DA4E6A8B63F7}.Debug|Any CPU.Build.0 = Debug|Any CPU
		{8A5E997D-378A-4C82-BBE2-DA4E6A8B63F7}.Release|Any CPU.ActiveCfg = Release|Any CPU
		{8A5E997D-378A-4C82-BBE2-DA4E6A8B63F7}.Release|Any CPU.Build.0 = Release|Any CPU
	EndGlobalSection
	GlobalSection(SolutionProperties) = preSolution
		HideSolutionNode = FALSE
	EndGlobalSection
	GlobalSection(ExtensibilityGlobals) = postSolution
		SolutionGuid = {EB5CCECD-B912-4234-9025-E9978F330C1B}
	EndGlobalSection
EndGlobal
