
Microsoft Visual Studio Solution File, Format Version 12.00
# Visual Studio Version 16
VisualStudioVersion = 16.0.31515.178
MinimumVisualStudioVersion = 10.0.40219.1
Project("{FAE04EC0-301F-11D3-BF4B-00C04F79EFBC}") = "CorreccionEj01", "CorreccionEj01.csproj", "{0D944DC9-5365-410F-B86B-EA3306F770ED}"
EndProject
Global
	GlobalSection(SolutionConfigurationPlatforms) = preSolution
		Debug|Any CPU = Debug|Any CPU
		Release|Any CPU = Release|Any CPU
	EndGlobalSection
	GlobalSection(ProjectConfigurationPlatforms) = postSolution
		{0D944DC9-5365-410F-B86B-EA3306F770ED}.Debug|Any CPU.ActiveCfg = Debug|Any CPU
		{0D944DC9-5365-410F-B86B-EA3306F770ED}.Debug|Any CPU.Build.0 = Debug|Any CPU
		{0D944DC9-5365-410F-B86B-EA3306F770ED}.Release|Any CPU.ActiveCfg = Release|Any CPU
		{0D944DC9-5365-410F-B86B-EA3306F770ED}.Release|Any CPU.Build.0 = Release|Any CPU
	EndGlobalSection
	GlobalSection(SolutionProperties) = preSolution
		HideSolutionNode = FALSE
	EndGlobalSection
	GlobalSection(ExtensibilityGlobals) = postSolution
		SolutionGuid = {30E2FD36-2E50-4EBA-87C8-5D8712417581}
	EndGlobalSection
EndGlobal
