
Microsoft Visual Studio Solution File, Format Version 12.00
# Visual Studio Version 16
VisualStudioVersion = 16.0.30523.141
MinimumVisualStudioVersion = 10.0.40219.1
Project("{FAE04EC0-301F-11D3-BF4B-00C04F79EFBC}") = "Ejercicio Bubble sort", "Ejercicio Bubble sort.csproj", "{97F7F8E6-B7B5-413B-9846-DCB19F40BCD1}"
EndProject
Global
	GlobalSection(SolutionConfigurationPlatforms) = preSolution
		Debug|Any CPU = Debug|Any CPU
		Release|Any CPU = Release|Any CPU
	EndGlobalSection
	GlobalSection(ProjectConfigurationPlatforms) = postSolution
		{97F7F8E6-B7B5-413B-9846-DCB19F40BCD1}.Debug|Any CPU.ActiveCfg = Debug|Any CPU
		{97F7F8E6-B7B5-413B-9846-DCB19F40BCD1}.Debug|Any CPU.Build.0 = Debug|Any CPU
		{97F7F8E6-B7B5-413B-9846-DCB19F40BCD1}.Release|Any CPU.ActiveCfg = Release|Any CPU
		{97F7F8E6-B7B5-413B-9846-DCB19F40BCD1}.Release|Any CPU.Build.0 = Release|Any CPU
	EndGlobalSection
	GlobalSection(SolutionProperties) = preSolution
		HideSolutionNode = FALSE
	EndGlobalSection
	GlobalSection(ExtensibilityGlobals) = postSolution
		SolutionGuid = {F8923912-6AB9-4B33-8812-7298D196A6F6}
	EndGlobalSection
EndGlobal
