
Microsoft Visual Studio Solution File, Format Version 12.00
# Visual Studio Version 16
VisualStudioVersion = 16.0.30523.141
MinimumVisualStudioVersion = 10.0.40219.1
Project("{FAE04EC0-301F-11D3-BF4B-00C04F79EFBC}") = "20. FICHEROS", "20. FICHEROS.csproj", "{74898D80-9E2D-4C65-AF0C-C58A25887F70}"
EndProject
Global
	GlobalSection(SolutionConfigurationPlatforms) = preSolution
		Debug|Any CPU = Debug|Any CPU
		Release|Any CPU = Release|Any CPU
	EndGlobalSection
	GlobalSection(ProjectConfigurationPlatforms) = postSolution
		{74898D80-9E2D-4C65-AF0C-C58A25887F70}.Debug|Any CPU.ActiveCfg = Debug|Any CPU
		{74898D80-9E2D-4C65-AF0C-C58A25887F70}.Debug|Any CPU.Build.0 = Debug|Any CPU
		{74898D80-9E2D-4C65-AF0C-C58A25887F70}.Release|Any CPU.ActiveCfg = Release|Any CPU
		{74898D80-9E2D-4C65-AF0C-C58A25887F70}.Release|Any CPU.Build.0 = Release|Any CPU
	EndGlobalSection
	GlobalSection(SolutionProperties) = preSolution
		HideSolutionNode = FALSE
	EndGlobalSection
	GlobalSection(ExtensibilityGlobals) = postSolution
		SolutionGuid = {15FC8533-DB8E-43FB-9592-8738AE7F1BAF}
	EndGlobalSection
EndGlobal
