
Microsoft Visual Studio Solution File, Format Version 12.00
# Visual Studio Version 16
VisualStudioVersion = 16.0.30523.141
MinimumVisualStudioVersion = 10.0.40219.1
Project("{FAE04EC0-301F-11D3-BF4B-00C04F79EFBC}") = "GuardadoCódigo", "GuardadoCódigo.csproj", "{0595FA99-3426-4ECE-AE39-10A1C08083B9}"
EndProject
Global
	GlobalSection(SolutionConfigurationPlatforms) = preSolution
		Debug|Any CPU = Debug|Any CPU
		Release|Any CPU = Release|Any CPU
	EndGlobalSection
	GlobalSection(ProjectConfigurationPlatforms) = postSolution
		{0595FA99-3426-4ECE-AE39-10A1C08083B9}.Debug|Any CPU.ActiveCfg = Debug|Any CPU
		{0595FA99-3426-4ECE-AE39-10A1C08083B9}.Debug|Any CPU.Build.0 = Debug|Any CPU
		{0595FA99-3426-4ECE-AE39-10A1C08083B9}.Release|Any CPU.ActiveCfg = Release|Any CPU
		{0595FA99-3426-4ECE-AE39-10A1C08083B9}.Release|Any CPU.Build.0 = Release|Any CPU
	EndGlobalSection
	GlobalSection(SolutionProperties) = preSolution
		HideSolutionNode = FALSE
	EndGlobalSection
	GlobalSection(ExtensibilityGlobals) = postSolution
		SolutionGuid = {41904001-AE3B-4B1B-B1E7-00715F3BA2C4}
	EndGlobalSection
EndGlobal
