
Microsoft Visual Studio Solution File, Format Version 12.00
# Visual Studio Version 17
VisualStudioVersion = 17.3.32929.385
MinimumVisualStudioVersion = 10.0.40219.1
Project("{FAE04EC0-301F-11D3-BF4B-00C04F79EFBC}") = "LetrasIsometricas", "LetrasIsometricas\LetrasIsometricas.csproj", "{20C10E07-0996-4DB2-8153-15864D82945F}"
EndProject
Global
	GlobalSection(SolutionConfigurationPlatforms) = preSolution
		Debug|Any CPU = Debug|Any CPU
		Release|Any CPU = Release|Any CPU
	EndGlobalSection
	GlobalSection(ProjectConfigurationPlatforms) = postSolution
		{20C10E07-0996-4DB2-8153-15864D82945F}.Debug|Any CPU.ActiveCfg = Debug|Any CPU
		{20C10E07-0996-4DB2-8153-15864D82945F}.Debug|Any CPU.Build.0 = Debug|Any CPU
		{20C10E07-0996-4DB2-8153-15864D82945F}.Release|Any CPU.ActiveCfg = Release|Any CPU
		{20C10E07-0996-4DB2-8153-15864D82945F}.Release|Any CPU.Build.0 = Release|Any CPU
	EndGlobalSection
	GlobalSection(SolutionProperties) = preSolution
		HideSolutionNode = FALSE
	EndGlobalSection
	GlobalSection(ExtensibilityGlobals) = postSolution
		SolutionGuid = {2F5E087A-5284-44A8-A02C-058CF0BEB664}
	EndGlobalSection
EndGlobal
