
Microsoft Visual Studio Solution File, Format Version 12.00
# Visual Studio Version 16
VisualStudioVersion = 16.0.30523.141
MinimumVisualStudioVersion = 10.0.40219.1
Project("{FAE04EC0-301F-11D3-BF4B-00C04F79EFBC}") = "ClaseA", "ClaseA.csproj", "{063AD294-DA66-48A1-8345-1303BEAB9D4C}"
EndProject
Global
	GlobalSection(SolutionConfigurationPlatforms) = preSolution
		Debug|Any CPU = Debug|Any CPU
		Release|Any CPU = Release|Any CPU
	EndGlobalSection
	GlobalSection(ProjectConfigurationPlatforms) = postSolution
		{063AD294-DA66-48A1-8345-1303BEAB9D4C}.Debug|Any CPU.ActiveCfg = Debug|Any CPU
		{063AD294-DA66-48A1-8345-1303BEAB9D4C}.Debug|Any CPU.Build.0 = Debug|Any CPU
		{063AD294-DA66-48A1-8345-1303BEAB9D4C}.Release|Any CPU.ActiveCfg = Release|Any CPU
		{063AD294-DA66-48A1-8345-1303BEAB9D4C}.Release|Any CPU.Build.0 = Release|Any CPU
	EndGlobalSection
	GlobalSection(SolutionProperties) = preSolution
		HideSolutionNode = FALSE
	EndGlobalSection
	GlobalSection(ExtensibilityGlobals) = postSolution
		SolutionGuid = {8CD1A6CE-1FB9-443B-9FE5-8C43DFA13E5C}
	EndGlobalSection
EndGlobal
