
Microsoft Visual Studio Solution File, Format Version 12.00
# Visual Studio Version 16
VisualStudioVersion = 16.0.30523.141
MinimumVisualStudioVersion = 10.0.40219.1
Project("{FAE04EC0-301F-11D3-BF4B-00C04F79EFBC}") = "MiguelRodríguezGallego. 1ºvideojuegos", "MiguelRodríguezGallego. 1ºvideojuegos.csproj", "{E581DB66-7462-470F-8B3E-7013B5A9DAB0}"
EndProject
Global
	GlobalSection(SolutionConfigurationPlatforms) = preSolution
		Debug|Any CPU = Debug|Any CPU
		Release|Any CPU = Release|Any CPU
	EndGlobalSection
	GlobalSection(ProjectConfigurationPlatforms) = postSolution
		{E581DB66-7462-470F-8B3E-7013B5A9DAB0}.Debug|Any CPU.ActiveCfg = Debug|Any CPU
		{E581DB66-7462-470F-8B3E-7013B5A9DAB0}.Debug|Any CPU.Build.0 = Debug|Any CPU
		{E581DB66-7462-470F-8B3E-7013B5A9DAB0}.Release|Any CPU.ActiveCfg = Release|Any CPU
		{E581DB66-7462-470F-8B3E-7013B5A9DAB0}.Release|Any CPU.Build.0 = Release|Any CPU
	EndGlobalSection
	GlobalSection(SolutionProperties) = preSolution
		HideSolutionNode = FALSE
	EndGlobalSection
	GlobalSection(ExtensibilityGlobals) = postSolution
		SolutionGuid = {A944CEA6-3229-4763-879A-A27D46FEE4D9}
	EndGlobalSection
EndGlobal
