
Microsoft Visual Studio Solution File, Format Version 12.00
# Visual Studio Version 16
VisualStudioVersion = 16.0.30523.141
MinimumVisualStudioVersion = 10.0.40219.1
Project("{FAE04EC0-301F-11D3-BF4B-00C04F79EFBC}") = "EjBarcosSanti", "EjBarcosSanti.csproj", "{3B09A06F-58C5-4A9A-B14D-A5E85D22FBC6}"
EndProject
Global
	GlobalSection(SolutionConfigurationPlatforms) = preSolution
		Debug|Any CPU = Debug|Any CPU
		Release|Any CPU = Release|Any CPU
	EndGlobalSection
	GlobalSection(ProjectConfigurationPlatforms) = postSolution
		{3B09A06F-58C5-4A9A-B14D-A5E85D22FBC6}.Debug|Any CPU.ActiveCfg = Debug|Any CPU
		{3B09A06F-58C5-4A9A-B14D-A5E85D22FBC6}.Debug|Any CPU.Build.0 = Debug|Any CPU
		{3B09A06F-58C5-4A9A-B14D-A5E85D22FBC6}.Release|Any CPU.ActiveCfg = Release|Any CPU
		{3B09A06F-58C5-4A9A-B14D-A5E85D22FBC6}.Release|Any CPU.Build.0 = Release|Any CPU
	EndGlobalSection
	GlobalSection(SolutionProperties) = preSolution
		HideSolutionNode = FALSE
	EndGlobalSection
	GlobalSection(ExtensibilityGlobals) = postSolution
		SolutionGuid = {D0D65368-92EC-4A42-A1C4-5A7009BEC434}
	EndGlobalSection
EndGlobal
