
Microsoft Visual Studio Solution File, Format Version 12.00
# Visual Studio Version 16
VisualStudioVersion = 16.0.31911.196
MinimumVisualStudioVersion = 10.0.40219.1
Project("{FAE04EC0-301F-11D3-BF4B-00C04F79EFBC}") = "EXAMEN_MPOO_Miguel_RodríguezGallego", "EXAMEN_MPOO_Miguel_RodríguezGallego.csproj", "{C7A46BA2-EB42-48A3-8256-BB9CD26A0F0A}"
EndProject
Global
	GlobalSection(SolutionConfigurationPlatforms) = preSolution
		Debug|Any CPU = Debug|Any CPU
		Release|Any CPU = Release|Any CPU
	EndGlobalSection
	GlobalSection(ProjectConfigurationPlatforms) = postSolution
		{C7A46BA2-EB42-48A3-8256-BB9CD26A0F0A}.Debug|Any CPU.ActiveCfg = Debug|Any CPU
		{C7A46BA2-EB42-48A3-8256-BB9CD26A0F0A}.Debug|Any CPU.Build.0 = Debug|Any CPU
		{C7A46BA2-EB42-48A3-8256-BB9CD26A0F0A}.Release|Any CPU.ActiveCfg = Release|Any CPU
		{C7A46BA2-EB42-48A3-8256-BB9CD26A0F0A}.Release|Any CPU.Build.0 = Release|Any CPU
	EndGlobalSection
	GlobalSection(SolutionProperties) = preSolution
		HideSolutionNode = FALSE
	EndGlobalSection
	GlobalSection(ExtensibilityGlobals) = postSolution
		SolutionGuid = {E8C8247B-E758-47E3-B0BA-0816506257F9}
	EndGlobalSection
EndGlobal
