
Microsoft Visual Studio Solution File, Format Version 12.00
# Visual Studio Version 16
VisualStudioVersion = 16.0.30523.141
MinimumVisualStudioVersion = 10.0.40219.1
Project("{FAE04EC0-301F-11D3-BF4B-00C04F79EFBC}") = "MiAgenda2", "MiAgenda2.csproj", "{87BDBF6E-924F-43E9-95D7-A623F38D1A8E}"
EndProject
Global
	GlobalSection(SolutionConfigurationPlatforms) = preSolution
		Debug|Any CPU = Debug|Any CPU
		Release|Any CPU = Release|Any CPU
	EndGlobalSection
	GlobalSection(ProjectConfigurationPlatforms) = postSolution
		{87BDBF6E-924F-43E9-95D7-A623F38D1A8E}.Debug|Any CPU.ActiveCfg = Debug|Any CPU
		{87BDBF6E-924F-43E9-95D7-A623F38D1A8E}.Debug|Any CPU.Build.0 = Debug|Any CPU
		{87BDBF6E-924F-43E9-95D7-A623F38D1A8E}.Release|Any CPU.ActiveCfg = Release|Any CPU
		{87BDBF6E-924F-43E9-95D7-A623F38D1A8E}.Release|Any CPU.Build.0 = Release|Any CPU
	EndGlobalSection
	GlobalSection(SolutionProperties) = preSolution
		HideSolutionNode = FALSE
	EndGlobalSection
	GlobalSection(ExtensibilityGlobals) = postSolution
		SolutionGuid = {516A36E0-C5F1-456A-9CD4-293F6A41ECD3}
	EndGlobalSection
EndGlobal
