
Microsoft Visual Studio Solution File, Format Version 12.00
# Visual Studio Version 16
VisualStudioVersion = 16.0.31702.278
MinimumVisualStudioVersion = 10.0.40219.1
Project("{FAE04EC0-301F-11D3-BF4B-00C04F79EFBC}") = "Clases2", "Clases2\Clases2.csproj", "{886C153D-649D-4EA4-B808-6AFA5F443A26}"
EndProject
Global
	GlobalSection(SolutionConfigurationPlatforms) = preSolution
		Debug|Any CPU = Debug|Any CPU
		Release|Any CPU = Release|Any CPU
	EndGlobalSection
	GlobalSection(ProjectConfigurationPlatforms) = postSolution
		{886C153D-649D-4EA4-B808-6AFA5F443A26}.Debug|Any CPU.ActiveCfg = Debug|Any CPU
		{886C153D-649D-4EA4-B808-6AFA5F443A26}.Debug|Any CPU.Build.0 = Debug|Any CPU
		{886C153D-649D-4EA4-B808-6AFA5F443A26}.Release|Any CPU.ActiveCfg = Release|Any CPU
		{886C153D-649D-4EA4-B808-6AFA5F443A26}.Release|Any CPU.Build.0 = Release|Any CPU
	EndGlobalSection
	GlobalSection(SolutionProperties) = preSolution
		HideSolutionNode = FALSE
	EndGlobalSection
	GlobalSection(ExtensibilityGlobals) = postSolution
		SolutionGuid = {85C81C72-7C19-45BD-800A-0FE1C9127584}
	EndGlobalSection
EndGlobal
