
Microsoft Visual Studio Solution File, Format Version 12.00
# Visual Studio Version 16
VisualStudioVersion = 16.0.30523.141
MinimumVisualStudioVersion = 10.0.40219.1
Project("{9A19103F-16F7-4668-BE54-9A1E7A4F7556}") = "ClienteGrupo", "ClienteGrupo.csproj", "{6FB48C26-CFF9-4A48-B637-524E56D800A9}"
EndProject
Project("{9A19103F-16F7-4668-BE54-9A1E7A4F7556}") = "Servidor", "..\Servidor\Servidor.csproj", "{6320D12E-B92A-49BA-B994-32051AFE2C75}"
EndProject
Global
	GlobalSection(SolutionConfigurationPlatforms) = preSolution
		Debug|Any CPU = Debug|Any CPU
		Release|Any CPU = Release|Any CPU
	EndGlobalSection
	GlobalSection(ProjectConfigurationPlatforms) = postSolution
		{6FB48C26-CFF9-4A48-B637-524E56D800A9}.Debug|Any CPU.ActiveCfg = Debug|Any CPU
		{6FB48C26-CFF9-4A48-B637-524E56D800A9}.Debug|Any CPU.Build.0 = Debug|Any CPU
		{6FB48C26-CFF9-4A48-B637-524E56D800A9}.Release|Any CPU.ActiveCfg = Release|Any CPU
		{6FB48C26-CFF9-4A48-B637-524E56D800A9}.Release|Any CPU.Build.0 = Release|Any CPU
		{6320D12E-B92A-49BA-B994-32051AFE2C75}.Debug|Any CPU.ActiveCfg = Debug|Any CPU
		{6320D12E-B92A-49BA-B994-32051AFE2C75}.Debug|Any CPU.Build.0 = Debug|Any CPU
		{6320D12E-B92A-49BA-B994-32051AFE2C75}.Release|Any CPU.ActiveCfg = Release|Any CPU
		{6320D12E-B92A-49BA-B994-32051AFE2C75}.Release|Any CPU.Build.0 = Release|Any CPU
	EndGlobalSection
	GlobalSection(SolutionProperties) = preSolution
		HideSolutionNode = FALSE
	EndGlobalSection
	GlobalSection(ExtensibilityGlobals) = postSolution
		SolutionGuid = {600F93E6-6D3E-4168-84CC-8E40BFAD548A}
	EndGlobalSection
EndGlobal
