
Microsoft Visual Studio Solution File, Format Version 12.00
# Visual Studio Version 16
VisualStudioVersion = 16.0.30523.141
MinimumVisualStudioVersion = 10.0.40219.1
Project("{FAE04EC0-301F-11D3-BF4B-00C04F79EFBC}") = "Ejercicio barcos", "Ejercicio barcos.csproj", "{614AB522-D366-4FDB-99E4-790A5A631254}"
EndProject
Global
	GlobalSection(SolutionConfigurationPlatforms) = preSolution
		Debug|Any CPU = Debug|Any CPU
		Release|Any CPU = Release|Any CPU
	EndGlobalSection
	GlobalSection(ProjectConfigurationPlatforms) = postSolution
		{614AB522-D366-4FDB-99E4-790A5A631254}.Debug|Any CPU.ActiveCfg = Debug|Any CPU
		{614AB522-D366-4FDB-99E4-790A5A631254}.Debug|Any CPU.Build.0 = Debug|Any CPU
		{614AB522-D366-4FDB-99E4-790A5A631254}.Release|Any CPU.ActiveCfg = Release|Any CPU
		{614AB522-D366-4FDB-99E4-790A5A631254}.Release|Any CPU.Build.0 = Release|Any CPU
	EndGlobalSection
	GlobalSection(SolutionProperties) = preSolution
		HideSolutionNode = FALSE
	EndGlobalSection
	GlobalSection(ExtensibilityGlobals) = postSolution
		SolutionGuid = {A6F3EBD1-14E9-4B3D-94D1-A49D004880D0}
	EndGlobalSection
EndGlobal
