
Microsoft Visual Studio Solution File, Format Version 12.00
# Visual Studio Version 16
VisualStudioVersion = 16.0.30523.141
MinimumVisualStudioVersion = 10.0.40219.1
Project("{FAE04EC0-301F-11D3-BF4B-00C04F79EFBC}") = "Ejercicios Redes 1", "Ejercicios Redes 1.csproj", "{C92A2A6A-B9E9-4214-91FA-80FC47705BDE}"
EndProject
Global
	GlobalSection(SolutionConfigurationPlatforms) = preSolution
		Debug|Any CPU = Debug|Any CPU
		Release|Any CPU = Release|Any CPU
	EndGlobalSection
	GlobalSection(ProjectConfigurationPlatforms) = postSolution
		{C92A2A6A-B9E9-4214-91FA-80FC47705BDE}.Debug|Any CPU.ActiveCfg = Debug|Any CPU
		{C92A2A6A-B9E9-4214-91FA-80FC47705BDE}.Debug|Any CPU.Build.0 = Debug|Any CPU
		{C92A2A6A-B9E9-4214-91FA-80FC47705BDE}.Release|Any CPU.ActiveCfg = Release|Any CPU
		{C92A2A6A-B9E9-4214-91FA-80FC47705BDE}.Release|Any CPU.Build.0 = Release|Any CPU
	EndGlobalSection
	GlobalSection(SolutionProperties) = preSolution
		HideSolutionNode = FALSE
	EndGlobalSection
	GlobalSection(ExtensibilityGlobals) = postSolution
		SolutionGuid = {1791853A-8ED1-4AC4-9822-862CD26431CD}
	EndGlobalSection
EndGlobal
